
Microsoft Visual Studio Solution File, Format Version 12.00
# Visual Studio Version 17
VisualStudioVersion = 17.1.32407.343
MinimumVisualStudioVersion = 10.0.40219.1
Project("{FAE04EC0-301F-11D3-BF4B-00C04F79EFBC}") = "CoinGecko_Phase2.API", "CoinGecko_Phase2.API\CoinGecko_Phase2.API.csproj", "{AA999CD7-8944-486E-A0BC-E8F126413F70}"
EndProject
Global
	GlobalSection(SolutionConfigurationPlatforms) = preSolution
		Debug|Any CPU = Debug|Any CPU
		Release|Any CPU = Release|Any CPU
	EndGlobalSection
	GlobalSection(ProjectConfigurationPlatforms) = postSolution
		{AA999CD7-8944-486E-A0BC-E8F126413F70}.Debug|Any CPU.ActiveCfg = Debug|Any CPU
		{AA999CD7-8944-486E-A0BC-E8F126413F70}.Debug|Any CPU.Build.0 = Debug|Any CPU
		{AA999CD7-8944-486E-A0BC-E8F126413F70}.Release|Any CPU.ActiveCfg = Release|Any CPU
		{AA999CD7-8944-486E-A0BC-E8F126413F70}.Release|Any CPU.Build.0 = Release|Any CPU
	EndGlobalSection
	GlobalSection(SolutionProperties) = preSolution
		HideSolutionNode = FALSE
	EndGlobalSection
	GlobalSection(ExtensibilityGlobals) = postSolution
		SolutionGuid = {B619F04F-CCE1-4AB5-B49B-FBC57B0AB5B9}
	EndGlobalSection
EndGlobal
